// !$*UTF8*$!
{
	archiveVersion = 1;
	classes = {
	};
	objectVersion = 56;
	objects = {

/* Begin PBXBuildFile section */
		A63D87F82AE02A4100B1DC91 /* landmarkData.json in Resources */ = {isa = PBXBuildFile; fileRef = A63D87F72AE02A4100B1DC91 /* landmarkData.json */; };
		A63D87FC2AE02BEA00B1DC91 /* Landmark.swift in Sources */ = {isa = PBXBuildFile; fileRef = A63D87FB2AE02BEA00B1DC91 /* Landmark.swift */; };
		A6509BC72AF2A68600B5B41F /* HexagonParameter.swift in Sources */ = {isa = PBXBuildFile; fileRef = A6509BC62AF2A68600B5B41F /* HexagonParameter.swift */; };
		A6509BC92AF355CF00B5B41F /* BadgeBackground.swift in Sources */ = {isa = PBXBuildFile; fileRef = A6509BC82AF355CF00B5B41F /* BadgeBackground.swift */; };
		A6509BCB2AF3D12000B5B41F /* BadgeSymbol.swift in Sources */ = {isa = PBXBuildFile; fileRef = A6509BCA2AF3D12000B5B41F /* BadgeSymbol.swift */; };
		A6509BCD2AF3D29F00B5B41F /* RotatedBadgeSymbol.swift in Sources */ = {isa = PBXBuildFile; fileRef = A6509BCC2AF3D29E00B5B41F /* RotatedBadgeSymbol.swift */; };
		A6509BCF2AF3D46500B5B41F /* Badge.swift in Sources */ = {isa = PBXBuildFile; fileRef = A6509BCE2AF3D46500B5B41F /* Badge.swift */; };
		A6509BD62AF534AD00B5B41F /* GraphCapsule.swift in Sources */ = {isa = PBXBuildFile; fileRef = A6509BD22AF534AD00B5B41F /* GraphCapsule.swift */; };
		A6509BD72AF534AD00B5B41F /* HikeGraph.swift in Sources */ = {isa = PBXBuildFile; fileRef = A6509BD32AF534AD00B5B41F /* HikeGraph.swift */; };
		A6509BDC2AF5382D00B5B41F /* HikeDetail.swift in Sources */ = {isa = PBXBuildFile; fileRef = A6509BDA2AF5382D00B5B41F /* HikeDetail.swift */; };
		A6509BDD2AF5382D00B5B41F /* HikeView.swift in Sources */ = {isa = PBXBuildFile; fileRef = A6509BDB2AF5382D00B5B41F /* HikeView.swift */; };
		A67DB82B2AE1203900C3604F /* ModelData.swift in Sources */ = {isa = PBXBuildFile; fileRef = A67DB82A2AE1203900C3604F /* ModelData.swift */; };
		A67DB82D2AE1458D00C3604F /* LandmarkRow.swift in Sources */ = {isa = PBXBuildFile; fileRef = A67DB82C2AE1458D00C3604F /* LandmarkRow.swift */; };
		A67DB82F2AE147E800C3604F /* LandmarkList.swift in Sources */ = {isa = PBXBuildFile; fileRef = A67DB82E2AE147E800C3604F /* LandmarkList.swift */; };
		A67DB8312AE1497900C3604F /* LandmarkDetail.swift in Sources */ = {isa = PBXBuildFile; fileRef = A67DB8302AE1497900C3604F /* LandmarkDetail.swift */; };
		A67DB8332AE54B3900C3604F /* FavoriteButton.swift in Sources */ = {isa = PBXBuildFile; fileRef = A67DB8322AE54B3900C3604F /* FavoriteButton.swift */; };
		A67DB8372AE8F18100C3604F /* hikeData.json in Resources */ = {isa = PBXBuildFile; fileRef = A67DB8362AE8F18100C3604F /* hikeData.json */; };
		A67DB83A2AE8F1DE00C3604F /* Hike.swift in Sources */ = {isa = PBXBuildFile; fileRef = A67DB8392AE8F1DE00C3604F /* Hike.swift */; };
		A6D93D312AE005470089F27F /* LandmarkApp.swift in Sources */ = {isa = PBXBuildFile; fileRef = A6D93D302AE005470089F27F /* LandmarkApp.swift */; };
		A6D93D332AE005470089F27F /* ContentView.swift in Sources */ = {isa = PBXBuildFile; fileRef = A6D93D322AE005470089F27F /* ContentView.swift */; };
		A6D93D352AE005480089F27F /* Assets.xcassets in Resources */ = {isa = PBXBuildFile; fileRef = A6D93D342AE005480089F27F /* Assets.xcassets */; };
		A6D93D382AE005480089F27F /* Preview Assets.xcassets in Resources */ = {isa = PBXBuildFile; fileRef = A6D93D372AE005480089F27F /* Preview Assets.xcassets */; };
		A6D93D412AE009CA0089F27F /* CircleImage.swift in Sources */ = {isa = PBXBuildFile; fileRef = A6D93D402AE009CA0089F27F /* CircleImage.swift */; };
		A6D93D432AE00A7A0089F27F /* MapView.swift in Sources */ = {isa = PBXBuildFile; fileRef = A6D93D422AE00A7A0089F27F /* MapView.swift */; };
/* End PBXBuildFile section */

/* Begin PBXFileReference section */
		A63D87F72AE02A4100B1DC91 /* landmarkData.json */ = {isa = PBXFileReference; fileEncoding = 4; lastKnownFileType = text.json; path = landmarkData.json; sourceTree = "<group>"; };
		A63D87FB2AE02BEA00B1DC91 /* Landmark.swift */ = {isa = PBXFileReference; lastKnownFileType = sourcecode.swift; path = Landmark.swift; sourceTree = "<group>"; };
		A6509BC62AF2A68600B5B41F /* HexagonParameter.swift */ = {isa = PBXFileReference; lastKnownFileType = sourcecode.swift; path = HexagonParameter.swift; sourceTree = "<group>"; };
		A6509BC82AF355CF00B5B41F /* BadgeBackground.swift */ = {isa = PBXFileReference; lastKnownFileType = sourcecode.swift; path = BadgeBackground.swift; sourceTree = "<group>"; };
		A6509BCA2AF3D12000B5B41F /* BadgeSymbol.swift */ = {isa = PBXFileReference; lastKnownFileType = sourcecode.swift; path = BadgeSymbol.swift; sourceTree = "<group>"; };
		A6509BCC2AF3D29E00B5B41F /* RotatedBadgeSymbol.swift */ = {isa = PBXFileReference; lastKnownFileType = sourcecode.swift; path = RotatedBadgeSymbol.swift; sourceTree = "<group>"; };
		A6509BCE2AF3D46500B5B41F /* Badge.swift */ = {isa = PBXFileReference; lastKnownFileType = sourcecode.swift; path = Badge.swift; sourceTree = "<group>"; };
		A6509BD22AF534AD00B5B41F /* GraphCapsule.swift */ = {isa = PBXFileReference; fileEncoding = 4; lastKnownFileType = sourcecode.swift; path = GraphCapsule.swift; sourceTree = "<group>"; };
		A6509BD32AF534AD00B5B41F /* HikeGraph.swift */ = {isa = PBXFileReference; fileEncoding = 4; lastKnownFileType = sourcecode.swift; path = HikeGraph.swift; sourceTree = "<group>"; };
		A6509BDA2AF5382D00B5B41F /* HikeDetail.swift */ = {isa = PBXFileReference; fileEncoding = 4; lastKnownFileType = sourcecode.swift; path = HikeDetail.swift; sourceTree = "<group>"; };
		A6509BDB2AF5382D00B5B41F /* HikeView.swift */ = {isa = PBXFileReference; fileEncoding = 4; lastKnownFileType = sourcecode.swift; path = HikeView.swift; sourceTree = "<group>"; };
		A67DB82A2AE1203900C3604F /* ModelData.swift */ = {isa = PBXFileReference; lastKnownFileType = sourcecode.swift; path = ModelData.swift; sourceTree = "<group>"; };
		A67DB82C2AE1458D00C3604F /* LandmarkRow.swift */ = {isa = PBXFileReference; lastKnownFileType = sourcecode.swift; path = LandmarkRow.swift; sourceTree = "<group>"; };
		A67DB82E2AE147E800C3604F /* LandmarkList.swift */ = {isa = PBXFileReference; lastKnownFileType = sourcecode.swift; path = LandmarkList.swift; sourceTree = "<group>"; };
		A67DB8302AE1497900C3604F /* LandmarkDetail.swift */ = {isa = PBXFileReference; lastKnownFileType = sourcecode.swift; path = LandmarkDetail.swift; sourceTree = "<group>"; };
		A67DB8322AE54B3900C3604F /* FavoriteButton.swift */ = {isa = PBXFileReference; lastKnownFileType = sourcecode.swift; path = FavoriteButton.swift; sourceTree = "<group>"; };
		A67DB8362AE8F18100C3604F /* hikeData.json */ = {isa = PBXFileReference; fileEncoding = 4; lastKnownFileType = text.json; path = hikeData.json; sourceTree = "<group>"; };
		A67DB8392AE8F1DE00C3604F /* Hike.swift */ = {isa = PBXFileReference; lastKnownFileType = sourcecode.swift; path = Hike.swift; sourceTree = "<group>"; };
		A6D93D2D2AE005470089F27F /* Landmark.app */ = {isa = PBXFileReference; explicitFileType = wrapper.application; includeInIndex = 0; path = Landmark.app; sourceTree = BUILT_PRODUCTS_DIR; };
		A6D93D302AE005470089F27F /* LandmarkApp.swift */ = {isa = PBXFileReference; lastKnownFileType = sourcecode.swift; path = LandmarkApp.swift; sourceTree = "<group>"; };
		A6D93D322AE005470089F27F /* ContentView.swift */ = {isa = PBXFileReference; lastKnownFileType = sourcecode.swift; path = ContentView.swift; sourceTree = "<group>"; };
		A6D93D342AE005480089F27F /* Assets.xcassets */ = {isa = PBXFileReference; lastKnownFileType = folder.assetcatalog; path = Assets.xcassets; sourceTree = "<group>"; };
		A6D93D372AE005480089F27F /* Preview Assets.xcassets */ = {isa = PBXFileReference; lastKnownFileType = folder.assetcatalog; path = "Preview Assets.xcassets"; sourceTree = "<group>"; };
		A6D93D402AE009CA0089F27F /* CircleImage.swift */ = {isa = PBXFileReference; lastKnownFileType = sourcecode.swift; path = CircleImage.swift; sourceTree = "<group>"; };
		A6D93D422AE00A7A0089F27F /* MapView.swift */ = {isa = PBXFileReference; lastKnownFileType = sourcecode.swift; path = MapView.swift; sourceTree = "<group>"; };
/* End PBXFileReference section */

/* Begin PBXFrameworksBuildPhase section */
		A6D93D2A2AE005470089F27F /* Frameworks */ = {
			isa = PBXFrameworksBuildPhase;
			buildActionMask = 2147483647;
			files = (
			);
			runOnlyForDeploymentPostprocessing = 0;
		};
/* End PBXFrameworksBuildPhase section */

/* Begin PBXGroup section */
		A63D87F92AE02B5F00B1DC91 /* Views */ = {
			isa = PBXGroup;
			children = (
				A6D93D322AE005470089F27F /* ContentView.swift */,
				A6509BD02AF3D6D400B5B41F /* Badges */,
				A67DB8352AE54E0E00C3604F /* Helper */,
				A6509BD12AF534AD00B5B41F /* Hikes */,
				A67DB8342AE54DFF00C3604F /* Landmarks */,
			);
			path = Views;
			sourceTree = "<group>";
		};
		A63D87FA2AE02B8900B1DC91 /* Model */ = {
			isa = PBXGroup;
			children = (
				A63D87FB2AE02BEA00B1DC91 /* Landmark.swift */,
				A67DB8392AE8F1DE00C3604F /* Hike.swift */,
				A67DB82A2AE1203900C3604F /* ModelData.swift */,
			);
			path = Model;
			sourceTree = "<group>";
		};
		A6509BD02AF3D6D400B5B41F /* Badges */ = {
			isa = PBXGroup;
			children = (
				A6509BC62AF2A68600B5B41F /* HexagonParameter.swift */,
				A6509BC82AF355CF00B5B41F /* BadgeBackground.swift */,
				A6509BCA2AF3D12000B5B41F /* BadgeSymbol.swift */,
				A6509BCC2AF3D29E00B5B41F /* RotatedBadgeSymbol.swift */,
				A6509BCE2AF3D46500B5B41F /* Badge.swift */,
			);
			path = Badges;
			sourceTree = "<group>";
		};
		A6509BD12AF534AD00B5B41F /* Hikes */ = {
			isa = PBXGroup;
			children = (
				A6509BD22AF534AD00B5B41F /* GraphCapsule.swift */,
				A6509BD32AF534AD00B5B41F /* HikeGraph.swift */,
				A6509BDA2AF5382D00B5B41F /* HikeDetail.swift */,
				A6509BDB2AF5382D00B5B41F /* HikeView.swift */,
			);
			path = Hikes;
			sourceTree = "<group>";
		};
		A67DB8342AE54DFF00C3604F /* Landmarks */ = {
			isa = PBXGroup;
			children = (
				A67DB82E2AE147E800C3604F /* LandmarkList.swift */,
				A67DB82C2AE1458D00C3604F /* LandmarkRow.swift */,
				A67DB8302AE1497900C3604F /* LandmarkDetail.swift */,
			);
			path = Landmarks;
			sourceTree = "<group>";
		};
		A67DB8352AE54E0E00C3604F /* Helper */ = {
			isa = PBXGroup;
			children = (
				A6D93D402AE009CA0089F27F /* CircleImage.swift */,
				A6D93D422AE00A7A0089F27F /* MapView.swift */,
				A67DB8322AE54B3900C3604F /* FavoriteButton.swift */,
			);
			path = Helper;
			sourceTree = "<group>";
		};
		A6D93D242AE005470089F27F = {
			isa = PBXGroup;
			children = (
				A6D93D2F2AE005470089F27F /* Landmark */,
				A6D93D2E2AE005470089F27F /* Products */,
			);
			sourceTree = "<group>";
		};
		A6D93D2E2AE005470089F27F /* Products */ = {
			isa = PBXGroup;
			children = (
				A6D93D2D2AE005470089F27F /* Landmark.app */,
			);
			name = Products;
			sourceTree = "<group>";
		};
		A6D93D2F2AE005470089F27F /* Landmark */ = {
			isa = PBXGroup;
			children = (
				A6D93D302AE005470089F27F /* LandmarkApp.swift */,
				A63D87FA2AE02B8900B1DC91 /* Model */,
				A63D87F92AE02B5F00B1DC91 /* Views */,
				A6D93D342AE005480089F27F /* Assets.xcassets */,
				A6D93D362AE005480089F27F /* Preview Content */,
			);
			path = Landmark;
			sourceTree = "<group>";
		};
		A6D93D362AE005480089F27F /* Preview Content */ = {
			isa = PBXGroup;
			children = (
				A6D93D372AE005480089F27F /* Preview Assets.xcassets */,
				A63D87F72AE02A4100B1DC91 /* landmarkData.json */,
				A67DB8362AE8F18100C3604F /* hikeData.json */,
			);
			path = "Preview Content";
			sourceTree = "<group>";
		};
/* End PBXGroup section */

/* Begin PBXNativeTarget section */
		A6D93D2C2AE005470089F27F /* Landmark */ = {
			isa = PBXNativeTarget;
			buildConfigurationList = A6D93D3B2AE005480089F27F /* Build configuration list for PBXNativeTarget "Landmark" */;
			buildPhases = (
				A6D93D292AE005470089F27F /* Sources */,
				A6D93D2A2AE005470089F27F /* Frameworks */,
				A6D93D2B2AE005470089F27F /* Resources */,
			);
			buildRules = (
			);
			dependencies = (
			);
			name = Landmark;
			productName = Landmark;
			productReference = A6D93D2D2AE005470089F27F /* Landmark.app */;
			productType = "com.apple.product-type.application";
		};
/* End PBXNativeTarget section */

/* Begin PBXProject section */
		A6D93D252AE005470089F27F /* Project object */ = {
			isa = PBXProject;
			attributes = {
				BuildIndependentTargetsInParallel = 1;
				LastSwiftUpdateCheck = 1500;
				LastUpgradeCheck = 1500;
				TargetAttributes = {
					A6D93D2C2AE005470089F27F = {
						CreatedOnToolsVersion = 15.0;
					};
				};
			};
			buildConfigurationList = A6D93D282AE005470089F27F /* Build configuration list for PBXProject "Landmark" */;
			compatibilityVersion = "Xcode 14.0";
			developmentRegion = en;
			hasScannedForEncodings = 0;
			knownRegions = (
				en,
				Base,
			);
			mainGroup = A6D93D242AE005470089F27F;
			productRefGroup = A6D93D2E2AE005470089F27F /* Products */;
			projectDirPath = "";
			projectRoot = "";
			targets = (
				A6D93D2C2AE005470089F27F /* Landmark */,
			);
		};
/* End PBXProject section */

/* Begin PBXResourcesBuildPhase section */
		A6D93D2B2AE005470089F27F /* Resources */ = {
			isa = PBXResourcesBuildPhase;
			buildActionMask = 2147483647;
			files = (
				A67DB8372AE8F18100C3604F /* hikeData.json in Resources */,
				A6D93D382AE005480089F27F /* Preview Assets.xcassets in Resources */,
				A6D93D352AE005480089F27F /* Assets.xcassets in Resources */,
				A63D87F82AE02A4100B1DC91 /* landmarkData.json in Resources */,
			);
			runOnlyForDeploymentPostprocessing = 0;
		};
/* End PBXResourcesBuildPhase section */

/* Begin PBXSourcesBuildPhase section */
		A6D93D292AE005470089F27F /* Sources */ = {
			isa = PBXSourcesBuildPhase;
			buildActionMask = 2147483647;
			files = (
				A6D93D332AE005470089F27F /* ContentView.swift in Sources */,
				A6509BD72AF534AD00B5B41F /* HikeGraph.swift in Sources */,
				A6D93D432AE00A7A0089F27F /* MapView.swift in Sources */,
				A6D93D312AE005470089F27F /* LandmarkApp.swift in Sources */,
				A6509BD62AF534AD00B5B41F /* GraphCapsule.swift in Sources */,
				A67DB8332AE54B3900C3604F /* FavoriteButton.swift in Sources */,
				A6509BC72AF2A68600B5B41F /* HexagonParameter.swift in Sources */,
				A6509BDC2AF5382D00B5B41F /* HikeDetail.swift in Sources */,
				A67DB83A2AE8F1DE00C3604F /* Hike.swift in Sources */,
				A67DB82F2AE147E800C3604F /* LandmarkList.swift in Sources */,
				A6509BCB2AF3D12000B5B41F /* BadgeSymbol.swift in Sources */,
				A6509BCD2AF3D29F00B5B41F /* RotatedBadgeSymbol.swift in Sources */,
				A6509BCF2AF3D46500B5B41F /* Badge.swift in Sources */,
				A6509BDD2AF5382D00B5B41F /* HikeView.swift in Sources */,
				A67DB8312AE1497900C3604F /* LandmarkDetail.swift in Sources */,
				A6509BC92AF355CF00B5B41F /* BadgeBackground.swift in Sources */,
				A6D93D412AE009CA0089F27F /* CircleImage.swift in Sources */,
				A63D87FC2AE02BEA00B1DC91 /* Landmark.swift in Sources */,
				A67DB82D2AE1458D00C3604F /* LandmarkRow.swift in Sources */,
				A67DB82B2AE1203900C3604F /* ModelData.swift in Sources */,
			);
			runOnlyForDeploymentPostprocessing = 0;
		};
/* End PBXSourcesBuildPhase section */

/* Begin XCBuildConfiguration section */
		A6D93D392AE005480089F27F /* Debug */ = {
			isa = XCBuildConfiguration;
			buildSettings = {
				ALWAYS_SEARCH_USER_PATHS = NO;
				ASSETCATALOG_COMPILER_GENERATE_SWIFT_ASSET_SYMBOL_EXTENSIONS = YES;
				CLANG_ANALYZER_NONNULL = YES;
				CLANG_ANALYZER_NUMBER_OBJECT_CONVERSION = YES_AGGRESSIVE;
				CLANG_CXX_LANGUAGE_STANDARD = "gnu++20";
				CLANG_ENABLE_MODULES = YES;
				CLANG_ENABLE_OBJC_ARC = YES;
				CLANG_ENABLE_OBJC_WEAK = YES;
				CLANG_WARN_BLOCK_CAPTURE_AUTORELEASING = YES;
				CLANG_WARN_BOOL_CONVERSION = YES;
				CLANG_WARN_COMMA = YES;
				CLANG_WARN_CONSTANT_CONVERSION = YES;
				CLANG_WARN_DEPRECATED_OBJC_IMPLEMENTATIONS = YES;
				CLANG_WARN_DIRECT_OBJC_ISA_USAGE = YES_ERROR;
				CLANG_WARN_DOCUMENTATION_COMMENTS = YES;
				CLANG_WARN_EMPTY_BODY = YES;
				CLANG_WARN_ENUM_CONVERSION = YES;
				CLANG_WARN_INFINITE_RECURSION = YES;
				CLANG_WARN_INT_CONVERSION = YES;
				CLANG_WARN_NON_LITERAL_NULL_CONVERSION = YES;
				CLANG_WARN_OBJC_IMPLICIT_RETAIN_SELF = YES;
				CLANG_WARN_OBJC_LITERAL_CONVERSION = YES;
				CLANG_WARN_OBJC_ROOT_CLASS = YES_ERROR;
				CLANG_WARN_QUOTED_INCLUDE_IN_FRAMEWORK_HEADER = YES;
				CLANG_WARN_RANGE_LOOP_ANALYSIS = YES;
				CLANG_WARN_STRICT_PROTOTYPES = YES;
				CLANG_WARN_SUSPICIOUS_MOVE = YES;
				CLANG_WARN_UNGUARDED_AVAILABILITY = YES_AGGRESSIVE;
				CLANG_WARN_UNREACHABLE_CODE = YES;
				CLANG_WARN__DUPLICATE_METHOD_MATCH = YES;
				COPY_PHASE_STRIP = NO;
				DEBUG_INFORMATION_FORMAT = dwarf;
				ENABLE_STRICT_OBJC_MSGSEND = YES;
				ENABLE_TESTABILITY = YES;
				ENABLE_USER_SCRIPT_SANDBOXING = YES;
				GCC_C_LANGUAGE_STANDARD = gnu17;
				GCC_DYNAMIC_NO_PIC = NO;
				GCC_NO_COMMON_BLOCKS = YES;
				GCC_OPTIMIZATION_LEVEL = 0;
				GCC_PREPROCESSOR_DEFINITIONS = (
					"DEBUG=1",
					"$(inherited)",
				);
				GCC_WARN_64_TO_32_BIT_CONVERSION = YES;
				GCC_WARN_ABOUT_RETURN_TYPE = YES_ERROR;
				GCC_WARN_UNDECLARED_SELECTOR = YES;
				GCC_WARN_UNINITIALIZED_AUTOS = YES_AGGRESSIVE;
				GCC_WARN_UNUSED_FUNCTION = YES;
				GCC_WARN_UNUSED_VARIABLE = YES;
				IPHONEOS_DEPLOYMENT_TARGET = 17.0;
				LOCALIZATION_PREFERS_STRING_CATALOGS = YES;
				MTL_ENABLE_DEBUG_INFO = INCLUDE_SOURCE;
				MTL_FAST_MATH = YES;
				ONLY_ACTIVE_ARCH = YES;
				SDKROOT = iphoneos;
				SWIFT_ACTIVE_COMPILATION_CONDITIONS = "DEBUG $(inherited)";
				SWIFT_OPTIMIZATION_LEVEL = "-Onone";
			};
			name = Debug;
		};
		A6D93D3A2AE005480089F27F /* Release */ = {
			isa = XCBuildConfiguration;
			buildSettings = {
				ALWAYS_SEARCH_USER_PATHS = NO;
				ASSETCATALOG_COMPILER_GENERATE_SWIFT_ASSET_SYMBOL_EXTENSIONS = YES;
				CLANG_ANALYZER_NONNULL = YES;
				CLANG_ANALYZER_NUMBER_OBJECT_CONVERSION = YES_AGGRESSIVE;
				CLANG_CXX_LANGUAGE_STANDARD = "gnu++20";
				CLANG_ENABLE_MODULES = YES;
				CLANG_ENABLE_OBJC_ARC = YES;
				CLANG_ENABLE_OBJC_WEAK = YES;
				CLANG_WARN_BLOCK_CAPTURE_AUTORELEASING = YES;
				CLANG_WARN_BOOL_CONVERSION = YES;
				CLANG_WARN_COMMA = YES;
				CLANG_WARN_CONSTANT_CONVERSION = YES;
				CLANG_WARN_DEPRECATED_OBJC_IMPLEMENTATIONS = YES;
				CLANG_WARN_DIRECT_OBJC_ISA_USAGE = YES_ERROR;
				CLANG_WARN_DOCUMENTATION_COMMENTS = YES;
				CLANG_WARN_EMPTY_BODY = YES;
				CLANG_WARN_ENUM_CONVERSION = YES;
				CLANG_WARN_INFINITE_RECURSION = YES;
				CLANG_WARN_INT_CONVERSION = YES;
				CLANG_WARN_NON_LITERAL_NULL_CONVERSION = YES;
				CLANG_WARN_OBJC_IMPLICIT_RETAIN_SELF = YES;
				CLANG_WARN_OBJC_LITERAL_CONVERSION = YES;
				CLANG_WARN_OBJC_ROOT_CLASS = YES_ERROR;
				CLANG_WARN_QUOTED_INCLUDE_IN_FRAMEWORK_HEADER = YES;
				CLANG_WARN_RANGE_LOOP_ANALYSIS = YES;
				CLANG_WARN_STRICT_PROTOTYPES = YES;
				CLANG_WARN_SUSPICIOUS_MOVE = YES;
				CLANG_WARN_UNGUARDED_AVAILABILITY = YES_AGGRESSIVE;
				CLANG_WARN_UNREACHABLE_CODE = YES;
				CLANG_WARN__DUPLICATE_METHOD_MATCH = YES;
				COPY_PHASE_STRIP = NO;
				DEBUG_INFORMATION_FORMAT = "dwarf-with-dsym";
				ENABLE_NS_ASSERTIONS = NO;
				ENABLE_STRICT_OBJC_MSGSEND = YES;
				ENABLE_USER_SCRIPT_SANDBOXING = YES;
				GCC_C_LANGUAGE_STANDARD = gnu17;
				GCC_NO_COMMON_BLOCKS = YES;
				GCC_WARN_64_TO_32_BIT_CONVERSION = YES;
				GCC_WARN_ABOUT_RETURN_TYPE = YES_ERROR;
				GCC_WARN_UNDECLARED_SELECTOR = YES;
				GCC_WARN_UNINITIALIZED_AUTOS = YES_AGGRESSIVE;
				GCC_WARN_UNUSED_FUNCTION = YES;
				GCC_WARN_UNUSED_VARIABLE = YES;
				IPHONEOS_DEPLOYMENT_TARGET = 17.0;
				LOCALIZATION_PREFERS_STRING_CATALOGS = YES;
				MTL_ENABLE_DEBUG_INFO = NO;
				MTL_FAST_MATH = YES;
				SDKROOT = iphoneos;
				SWIFT_COMPILATION_MODE = wholemodule;
				VALIDATE_PRODUCT = YES;
			};
			name = Release;
		};
		A6D93D3C2AE005480089F27F /* Debug */ = {
			isa = XCBuildConfiguration;
			buildSettings = {
				ASSETCATALOG_COMPILER_APPICON_NAME = AppIcon;
				ASSETCATALOG_COMPILER_GLOBAL_ACCENT_COLOR_NAME = AccentColor;
				CODE_SIGN_STYLE = Automatic;
				CURRENT_PROJECT_VERSION = 1;
				DEVELOPMENT_ASSET_PATHS = "\"Landmark/Preview Content\"";
				DEVELOPMENT_TEAM = PSX93NF7U3;
				ENABLE_PREVIEWS = YES;
				GENERATE_INFOPLIST_FILE = YES;
				INFOPLIST_KEY_UIApplicationSceneManifest_Generation = YES;
				INFOPLIST_KEY_UIApplicationSupportsIndirectInputEvents = YES;
				INFOPLIST_KEY_UILaunchScreen_Generation = YES;
				INFOPLIST_KEY_UISupportedInterfaceOrientations_iPad = "UIInterfaceOrientationPortrait UIInterfaceOrientationPortraitUpsideDown UIInterfaceOrientationLandscapeLeft UIInterfaceOrientationLandscapeRight";
				INFOPLIST_KEY_UISupportedInterfaceOrientations_iPhone = "UIInterfaceOrientationPortrait UIInterfaceOrientationLandscapeLeft UIInterfaceOrientationLandscapeRight";
				IPHONEOS_DEPLOYMENT_TARGET = 17.0;
				LD_RUNPATH_SEARCH_PATHS = (
					"$(inherited)",
					"@executable_path/Frameworks",
				);
				MARKETING_VERSION = 1.0;
				PRODUCT_BUNDLE_IDENTIFIER = com.sbl.Landmark;
				PRODUCT_NAME = "$(TARGET_NAME)";
				SWIFT_EMIT_LOC_STRINGS = YES;
				SWIFT_VERSION = 5.0;
				TARGETED_DEVICE_FAMILY = "1,2";
			};
			name = Debug;
		};
		A6D93D3D2AE005480089F27F /* Release */ = {
			isa = XCBuildConfiguration;
			buildSettings = {
				ASSETCATALOG_COMPILER_APPICON_NAME = AppIcon;
				ASSETCATALOG_COMPILER_GLOBAL_ACCENT_COLOR_NAME = AccentColor;
				CODE_SIGN_STYLE = Automatic;
				CURRENT_PROJECT_VERSION = 1;
				DEVELOPMENT_ASSET_PATHS = "\"Landmark/Preview Content\"";
				DEVELOPMENT_TEAM = PSX93NF7U3;
				ENABLE_PREVIEWS = YES;
				GENERATE_INFOPLIST_FILE = YES;
				INFOPLIST_KEY_UIApplicationSceneManifest_Generation = YES;
				INFOPLIST_KEY_UIApplicationSupportsIndirectInputEvents = YES;
				INFOPLIST_KEY_UILaunchScreen_Generation = YES;
				INFOPLIST_KEY_UISupportedInterfaceOrientations_iPad = "UIInterfaceOrientationPortrait UIInterfaceOrientationPortraitUpsideDown UIInterfaceOrientationLandscapeLeft UIInterfaceOrientationLandscapeRight";
				INFOPLIST_KEY_UISupportedInterfaceOrientations_iPhone = "UIInterfaceOrientationPortrait UIInterfaceOrientationLandscapeLeft UIInterfaceOrientationLandscapeRight";
				IPHONEOS_DEPLOYMENT_TARGET = 17.0;
				LD_RUNPATH_SEARCH_PATHS = (
					"$(inherited)",
					"@executable_path/Frameworks",
				);
				MARKETING_VERSION = 1.0;
				PRODUCT_BUNDLE_IDENTIFIER = com.sbl.Landmark;
				PRODUCT_NAME = "$(TARGET_NAME)";
				SWIFT_EMIT_LOC_STRINGS = YES;
				SWIFT_VERSION = 5.0;
				TARGETED_DEVICE_FAMILY = "1,2";
			};
			name = Release;
		};
/* End XCBuildConfiguration section */

/* Begin XCConfigurationList section */
		A6D93D282AE005470089F27F /* Build configuration list for PBXProject "Landmark" */ = {
			isa = XCConfigurationList;
			buildConfigurations = (
				A6D93D392AE005480089F27F /* Debug */,
				A6D93D3A2AE005480089F27F /* Release */,
			);
			defaultConfigurationIsVisible = 0;
			defaultConfigurationName = Release;
		};
		A6D93D3B2AE005480089F27F /* Build configuration list for PBXNativeTarget "Landmark" */ = {
			isa = XCConfigurationList;
			buildConfigurations = (
				A6D93D3C2AE005480089F27F /* Debug */,
				A6D93D3D2AE005480089F27F /* Release */,
			);
			defaultConfigurationIsVisible = 0;
			defaultConfigurationName = Release;
		};
/* End XCConfigurationList section */
	};
	rootObject = A6D93D252AE005470089F27F /* Project object */;
}
